
Microsoft Visual Studio Solution File, Format Version 12.00
# Visual Studio 15
VisualStudioVersion = 15.0.26124.0
MinimumVisualStudioVersion = 15.0.26124.0
Project("{2150E333-8FDC-42A3-9474-1A3956D46DE8}") = "src", "src", "{1FA047DF-95F8-4430-B3C7-38F1C2D6FA95}"
EndProject
Project("{FAE04EC0-301F-11D3-BF4B-00C04F79EFBC}") = "MultiplesOf3Or5", "src\MultiplesOf3Or5\MultiplesOf3Or5.csproj", "{E0CFBB6C-5EC4-4375-B603-7C28EFC66C42}"
EndProject
Project("{2150E333-8FDC-42A3-9474-1A3956D46DE8}") = "test", "test", "{B75C8F9E-CE0A-48F9-A78E-EFDD40F03A58}"
EndProject
Project("{FAE04EC0-301F-11D3-BF4B-00C04F79EFBC}") = "MultiplesOf3Or5.Test", "test\MultiplesOf3Or5.Test\MultiplesOf3Or5.Test.csproj", "{7CE9B142-461A-4895-BC9D-8CB5DDBB6559}"
EndProject
Project("{FAE04EC0-301F-11D3-BF4B-00C04F79EFBC}") = "IPValidation", "src\IPValidation\IPValidation.csproj", "{7CCBAB79-D731-48DB-94FD-F91C54EADB8C}"
EndProject
Project("{FAE04EC0-301F-11D3-BF4B-00C04F79EFBC}") = "IPValidation.Test", "test\IPValidation.Test\IPValidation.Test.csproj", "{01A6A3ED-28D5-4510-9E6B-4AC434C1242E}"
EndProject
Global
	GlobalSection(SolutionConfigurationPlatforms) = preSolution
		Debug|Any CPU = Debug|Any CPU
		Debug|x64 = Debug|x64
		Debug|x86 = Debug|x86
		Release|Any CPU = Release|Any CPU
		Release|x64 = Release|x64
		Release|x86 = Release|x86
	EndGlobalSection
	GlobalSection(SolutionProperties) = preSolution
		HideSolutionNode = FALSE
	EndGlobalSection
	GlobalSection(ProjectConfigurationPlatforms) = postSolution
		{E0CFBB6C-5EC4-4375-B603-7C28EFC66C42}.Debug|Any CPU.ActiveCfg = Debug|Any CPU
		{E0CFBB6C-5EC4-4375-B603-7C28EFC66C42}.Debug|Any CPU.Build.0 = Debug|Any CPU
		{E0CFBB6C-5EC4-4375-B603-7C28EFC66C42}.Debug|x64.ActiveCfg = Debug|Any CPU
		{E0CFBB6C-5EC4-4375-B603-7C28EFC66C42}.Debug|x64.Build.0 = Debug|Any CPU
		{E0CFBB6C-5EC4-4375-B603-7C28EFC66C42}.Debug|x86.ActiveCfg = Debug|Any CPU
		{E0CFBB6C-5EC4-4375-B603-7C28EFC66C42}.Debug|x86.Build.0 = Debug|Any CPU
		{E0CFBB6C-5EC4-4375-B603-7C28EFC66C42}.Release|Any CPU.ActiveCfg = Release|Any CPU
		{E0CFBB6C-5EC4-4375-B603-7C28EFC66C42}.Release|Any CPU.Build.0 = Release|Any CPU
		{E0CFBB6C-5EC4-4375-B603-7C28EFC66C42}.Release|x64.ActiveCfg = Release|Any CPU
		{E0CFBB6C-5EC4-4375-B603-7C28EFC66C42}.Release|x64.Build.0 = Release|Any CPU
		{E0CFBB6C-5EC4-4375-B603-7C28EFC66C42}.Release|x86.ActiveCfg = Release|Any CPU
		{E0CFBB6C-5EC4-4375-B603-7C28EFC66C42}.Release|x86.Build.0 = Release|Any CPU
		{7CE9B142-461A-4895-BC9D-8CB5DDBB6559}.Debug|Any CPU.ActiveCfg = Debug|Any CPU
		{7CE9B142-461A-4895-BC9D-8CB5DDBB6559}.Debug|Any CPU.Build.0 = Debug|Any CPU
		{7CE9B142-461A-4895-BC9D-8CB5DDBB6559}.Debug|x64.ActiveCfg = Debug|Any CPU
		{7CE9B142-461A-4895-BC9D-8CB5DDBB6559}.Debug|x64.Build.0 = Debug|Any CPU
		{7CE9B142-461A-4895-BC9D-8CB5DDBB6559}.Debug|x86.ActiveCfg = Debug|Any CPU
		{7CE9B142-461A-4895-BC9D-8CB5DDBB6559}.Debug|x86.Build.0 = Debug|Any CPU
		{7CE9B142-461A-4895-BC9D-8CB5DDBB6559}.Release|Any CPU.ActiveCfg = Release|Any CPU
		{7CE9B142-461A-4895-BC9D-8CB5DDBB6559}.Release|Any CPU.Build.0 = Release|Any CPU
		{7CE9B142-461A-4895-BC9D-8CB5DDBB6559}.Release|x64.ActiveCfg = Release|Any CPU
		{7CE9B142-461A-4895-BC9D-8CB5DDBB6559}.Release|x64.Build.0 = Release|Any CPU
		{7CE9B142-461A-4895-BC9D-8CB5DDBB6559}.Release|x86.ActiveCfg = Release|Any CPU
		{7CE9B142-461A-4895-BC9D-8CB5DDBB6559}.Release|x86.Build.0 = Release|Any CPU
		{7CCBAB79-D731-48DB-94FD-F91C54EADB8C}.Debug|Any CPU.ActiveCfg = Debug|Any CPU
		{7CCBAB79-D731-48DB-94FD-F91C54EADB8C}.Debug|Any CPU.Build.0 = Debug|Any CPU
		{7CCBAB79-D731-48DB-94FD-F91C54EADB8C}.Debug|x64.ActiveCfg = Debug|Any CPU
		{7CCBAB79-D731-48DB-94FD-F91C54EADB8C}.Debug|x64.Build.0 = Debug|Any CPU
		{7CCBAB79-D731-48DB-94FD-F91C54EADB8C}.Debug|x86.ActiveCfg = Debug|Any CPU
		{7CCBAB79-D731-48DB-94FD-F91C54EADB8C}.Debug|x86.Build.0 = Debug|Any CPU
		{7CCBAB79-D731-48DB-94FD-F91C54EADB8C}.Release|Any CPU.ActiveCfg = Release|Any CPU
		{7CCBAB79-D731-48DB-94FD-F91C54EADB8C}.Release|Any CPU.Build.0 = Release|Any CPU
		{7CCBAB79-D731-48DB-94FD-F91C54EADB8C}.Release|x64.ActiveCfg = Release|Any CPU
		{7CCBAB79-D731-48DB-94FD-F91C54EADB8C}.Release|x64.Build.0 = Release|Any CPU
		{7CCBAB79-D731-48DB-94FD-F91C54EADB8C}.Release|x86.ActiveCfg = Release|Any CPU
		{7CCBAB79-D731-48DB-94FD-F91C54EADB8C}.Release|x86.Build.0 = Release|Any CPU
		{01A6A3ED-28D5-4510-9E6B-4AC434C1242E}.Debug|Any CPU.ActiveCfg = Debug|Any CPU
		{01A6A3ED-28D5-4510-9E6B-4AC434C1242E}.Debug|Any CPU.Build.0 = Debug|Any CPU
		{01A6A3ED-28D5-4510-9E6B-4AC434C1242E}.Debug|x64.ActiveCfg = Debug|Any CPU
		{01A6A3ED-28D5-4510-9E6B-4AC434C1242E}.Debug|x64.Build.0 = Debug|Any CPU
		{01A6A3ED-28D5-4510-9E6B-4AC434C1242E}.Debug|x86.ActiveCfg = Debug|Any CPU
		{01A6A3ED-28D5-4510-9E6B-4AC434C1242E}.Debug|x86.Build.0 = Debug|Any CPU
		{01A6A3ED-28D5-4510-9E6B-4AC434C1242E}.Release|Any CPU.ActiveCfg = Release|Any CPU
		{01A6A3ED-28D5-4510-9E6B-4AC434C1242E}.Release|Any CPU.Build.0 = Release|Any CPU
		{01A6A3ED-28D5-4510-9E6B-4AC434C1242E}.Release|x64.ActiveCfg = Release|Any CPU
		{01A6A3ED-28D5-4510-9E6B-4AC434C1242E}.Release|x64.Build.0 = Release|Any CPU
		{01A6A3ED-28D5-4510-9E6B-4AC434C1242E}.Release|x86.ActiveCfg = Release|Any CPU
		{01A6A3ED-28D5-4510-9E6B-4AC434C1242E}.Release|x86.Build.0 = Release|Any CPU
	EndGlobalSection
	GlobalSection(NestedProjects) = preSolution
		{E0CFBB6C-5EC4-4375-B603-7C28EFC66C42} = {1FA047DF-95F8-4430-B3C7-38F1C2D6FA95}
		{7CE9B142-461A-4895-BC9D-8CB5DDBB6559} = {B75C8F9E-CE0A-48F9-A78E-EFDD40F03A58}
		{7CCBAB79-D731-48DB-94FD-F91C54EADB8C} = {1FA047DF-95F8-4430-B3C7-38F1C2D6FA95}
		{01A6A3ED-28D5-4510-9E6B-4AC434C1242E} = {B75C8F9E-CE0A-48F9-A78E-EFDD40F03A58}
	EndGlobalSection
EndGlobal
