
Microsoft Visual Studio Solution File, Format Version 12.00
# Visual Studio 15
VisualStudioVersion = 15.0.26124.0
MinimumVisualStudioVersion = 15.0.26124.0
Project("{2150E333-8FDC-42A3-9474-1A3956D46DE8}") = "src", "src", "{1FA047DF-95F8-4430-B3C7-38F1C2D6FA95}"
EndProject
Project("{FAE04EC0-301F-11D3-BF4B-00C04F79EFBC}") = "MultiplesOf3Or5", "src\MultiplesOf3Or5\MultiplesOf3Or5.csproj", "{E0CFBB6C-5EC4-4375-B603-7C28EFC66C42}"
EndProject
Project("{2150E333-8FDC-42A3-9474-1A3956D46DE8}") = "test", "test", "{B75C8F9E-CE0A-48F9-A78E-EFDD40F03A58}"
EndProject
Project("{FAE04EC0-301F-11D3-BF4B-00C04F79EFBC}") = "MultiplesOf3Or5.Test", "test\MultiplesOf3Or5.Test\MultiplesOf3Or5.Test.csproj", "{7CE9B142-461A-4895-BC9D-8CB5DDBB6559}"
EndProject
Project("{FAE04EC0-301F-11D3-BF4B-00C04F79EFBC}") = "IPValidation", "src\IPValidation\IPValidation.csproj", "{7CCBAB79-D731-48DB-94FD-F91C54EADB8C}"
EndProject
Project("{FAE04EC0-301F-11D3-BF4B-00C04F79EFBC}") = "IPValidation.Test", "test\IPValidation.Test\IPValidation.Test.csproj", "{01A6A3ED-28D5-4510-9E6B-4AC434C1242E}"
EndProject
Project("{FAE04EC0-301F-11D3-BF4B-00C04F79EFBC}") = "IsPrime", "src\IsPrime\IsPrime.csproj", "{9F6CFA9B-83D6-4AD0-9DB7-6A7EA839B8C7}"
EndProject
Project("{FAE04EC0-301F-11D3-BF4B-00C04F79EFBC}") = "IsPrime.Test", "test\IsPrime.Test\IsPrime.Test.csproj", "{8B9069B3-836D-44AE-AA3C-B08542FADF80}"
EndProject
Project("{FAE04EC0-301F-11D3-BF4B-00C04F79EFBC}") = "DoubleCola", "src\DoubleCola\DoubleCola.csproj", "{8947A53B-035A-4FD0-8BD8-EB4C82E0B30C}"
EndProject
Project("{FAE04EC0-301F-11D3-BF4B-00C04F79EFBC}") = "DoubleCola.Test", "test\DoubleCola.Test\DoubleCola.Test.csproj", "{AC7DB7C0-A7E1-41D3-9D47-48A9CECC08C3}"
EndProject
Project("{FAE04EC0-301F-11D3-BF4B-00C04F79EFBC}") = "Main", "src\Main\Main.csproj", "{73BC04E6-9D8F-483E-82A1-7FE5A072BBD3}"
EndProject
Global
	GlobalSection(SolutionConfigurationPlatforms) = preSolution
		Debug|Any CPU = Debug|Any CPU
		Debug|x64 = Debug|x64
		Debug|x86 = Debug|x86
		Release|Any CPU = Release|Any CPU
		Release|x64 = Release|x64
		Release|x86 = Release|x86
	EndGlobalSection
	GlobalSection(SolutionProperties) = preSolution
		HideSolutionNode = FALSE
	EndGlobalSection
	GlobalSection(ProjectConfigurationPlatforms) = postSolution
		{E0CFBB6C-5EC4-4375-B603-7C28EFC66C42}.Debug|Any CPU.ActiveCfg = Debug|Any CPU
		{E0CFBB6C-5EC4-4375-B603-7C28EFC66C42}.Debug|Any CPU.Build.0 = Debug|Any CPU
		{E0CFBB6C-5EC4-4375-B603-7C28EFC66C42}.Debug|x64.ActiveCfg = Debug|Any CPU
		{E0CFBB6C-5EC4-4375-B603-7C28EFC66C42}.Debug|x64.Build.0 = Debug|Any CPU
		{E0CFBB6C-5EC4-4375-B603-7C28EFC66C42}.Debug|x86.ActiveCfg = Debug|Any CPU
		{E0CFBB6C-5EC4-4375-B603-7C28EFC66C42}.Debug|x86.Build.0 = Debug|Any CPU
		{E0CFBB6C-5EC4-4375-B603-7C28EFC66C42}.Release|Any CPU.ActiveCfg = Release|Any CPU
		{E0CFBB6C-5EC4-4375-B603-7C28EFC66C42}.Release|Any CPU.Build.0 = Release|Any CPU
		{E0CFBB6C-5EC4-4375-B603-7C28EFC66C42}.Release|x64.ActiveCfg = Release|Any CPU
		{E0CFBB6C-5EC4-4375-B603-7C28EFC66C42}.Release|x64.Build.0 = Release|Any CPU
		{E0CFBB6C-5EC4-4375-B603-7C28EFC66C42}.Release|x86.ActiveCfg = Release|Any CPU
		{E0CFBB6C-5EC4-4375-B603-7C28EFC66C42}.Release|x86.Build.0 = Release|Any CPU
		{7CE9B142-461A-4895-BC9D-8CB5DDBB6559}.Debug|Any CPU.ActiveCfg = Debug|Any CPU
		{7CE9B142-461A-4895-BC9D-8CB5DDBB6559}.Debug|Any CPU.Build.0 = Debug|Any CPU
		{7CE9B142-461A-4895-BC9D-8CB5DDBB6559}.Debug|x64.ActiveCfg = Debug|Any CPU
		{7CE9B142-461A-4895-BC9D-8CB5DDBB6559}.Debug|x64.Build.0 = Debug|Any CPU
		{7CE9B142-461A-4895-BC9D-8CB5DDBB6559}.Debug|x86.ActiveCfg = Debug|Any CPU
		{7CE9B142-461A-4895-BC9D-8CB5DDBB6559}.Debug|x86.Build.0 = Debug|Any CPU
		{7CE9B142-461A-4895-BC9D-8CB5DDBB6559}.Release|Any CPU.ActiveCfg = Release|Any CPU
		{7CE9B142-461A-4895-BC9D-8CB5DDBB6559}.Release|Any CPU.Build.0 = Release|Any CPU
		{7CE9B142-461A-4895-BC9D-8CB5DDBB6559}.Release|x64.ActiveCfg = Release|Any CPU
		{7CE9B142-461A-4895-BC9D-8CB5DDBB6559}.Release|x64.Build.0 = Release|Any CPU
		{7CE9B142-461A-4895-BC9D-8CB5DDBB6559}.Release|x86.ActiveCfg = Release|Any CPU
		{7CE9B142-461A-4895-BC9D-8CB5DDBB6559}.Release|x86.Build.0 = Release|Any CPU
		{7CCBAB79-D731-48DB-94FD-F91C54EADB8C}.Debug|Any CPU.ActiveCfg = Debug|Any CPU
		{7CCBAB79-D731-48DB-94FD-F91C54EADB8C}.Debug|Any CPU.Build.0 = Debug|Any CPU
		{7CCBAB79-D731-48DB-94FD-F91C54EADB8C}.Debug|x64.ActiveCfg = Debug|Any CPU
		{7CCBAB79-D731-48DB-94FD-F91C54EADB8C}.Debug|x64.Build.0 = Debug|Any CPU
		{7CCBAB79-D731-48DB-94FD-F91C54EADB8C}.Debug|x86.ActiveCfg = Debug|Any CPU
		{7CCBAB79-D731-48DB-94FD-F91C54EADB8C}.Debug|x86.Build.0 = Debug|Any CPU
		{7CCBAB79-D731-48DB-94FD-F91C54EADB8C}.Release|Any CPU.ActiveCfg = Release|Any CPU
		{7CCBAB79-D731-48DB-94FD-F91C54EADB8C}.Release|Any CPU.Build.0 = Release|Any CPU
		{7CCBAB79-D731-48DB-94FD-F91C54EADB8C}.Release|x64.ActiveCfg = Release|Any CPU
		{7CCBAB79-D731-48DB-94FD-F91C54EADB8C}.Release|x64.Build.0 = Release|Any CPU
		{7CCBAB79-D731-48DB-94FD-F91C54EADB8C}.Release|x86.ActiveCfg = Release|Any CPU
		{7CCBAB79-D731-48DB-94FD-F91C54EADB8C}.Release|x86.Build.0 = Release|Any CPU
		{01A6A3ED-28D5-4510-9E6B-4AC434C1242E}.Debug|Any CPU.ActiveCfg = Debug|Any CPU
		{01A6A3ED-28D5-4510-9E6B-4AC434C1242E}.Debug|Any CPU.Build.0 = Debug|Any CPU
		{01A6A3ED-28D5-4510-9E6B-4AC434C1242E}.Debug|x64.ActiveCfg = Debug|Any CPU
		{01A6A3ED-28D5-4510-9E6B-4AC434C1242E}.Debug|x64.Build.0 = Debug|Any CPU
		{01A6A3ED-28D5-4510-9E6B-4AC434C1242E}.Debug|x86.ActiveCfg = Debug|Any CPU
		{01A6A3ED-28D5-4510-9E6B-4AC434C1242E}.Debug|x86.Build.0 = Debug|Any CPU
		{01A6A3ED-28D5-4510-9E6B-4AC434C1242E}.Release|Any CPU.ActiveCfg = Release|Any CPU
		{01A6A3ED-28D5-4510-9E6B-4AC434C1242E}.Release|Any CPU.Build.0 = Release|Any CPU
		{01A6A3ED-28D5-4510-9E6B-4AC434C1242E}.Release|x64.ActiveCfg = Release|Any CPU
		{01A6A3ED-28D5-4510-9E6B-4AC434C1242E}.Release|x64.Build.0 = Release|Any CPU
		{01A6A3ED-28D5-4510-9E6B-4AC434C1242E}.Release|x86.ActiveCfg = Release|Any CPU
		{01A6A3ED-28D5-4510-9E6B-4AC434C1242E}.Release|x86.Build.0 = Release|Any CPU
		{9F6CFA9B-83D6-4AD0-9DB7-6A7EA839B8C7}.Debug|Any CPU.ActiveCfg = Debug|Any CPU
		{9F6CFA9B-83D6-4AD0-9DB7-6A7EA839B8C7}.Debug|Any CPU.Build.0 = Debug|Any CPU
		{9F6CFA9B-83D6-4AD0-9DB7-6A7EA839B8C7}.Debug|x64.ActiveCfg = Debug|Any CPU
		{9F6CFA9B-83D6-4AD0-9DB7-6A7EA839B8C7}.Debug|x64.Build.0 = Debug|Any CPU
		{9F6CFA9B-83D6-4AD0-9DB7-6A7EA839B8C7}.Debug|x86.ActiveCfg = Debug|Any CPU
		{9F6CFA9B-83D6-4AD0-9DB7-6A7EA839B8C7}.Debug|x86.Build.0 = Debug|Any CPU
		{9F6CFA9B-83D6-4AD0-9DB7-6A7EA839B8C7}.Release|Any CPU.ActiveCfg = Release|Any CPU
		{9F6CFA9B-83D6-4AD0-9DB7-6A7EA839B8C7}.Release|Any CPU.Build.0 = Release|Any CPU
		{9F6CFA9B-83D6-4AD0-9DB7-6A7EA839B8C7}.Release|x64.ActiveCfg = Release|Any CPU
		{9F6CFA9B-83D6-4AD0-9DB7-6A7EA839B8C7}.Release|x64.Build.0 = Release|Any CPU
		{9F6CFA9B-83D6-4AD0-9DB7-6A7EA839B8C7}.Release|x86.ActiveCfg = Release|Any CPU
		{9F6CFA9B-83D6-4AD0-9DB7-6A7EA839B8C7}.Release|x86.Build.0 = Release|Any CPU
		{8B9069B3-836D-44AE-AA3C-B08542FADF80}.Debug|Any CPU.ActiveCfg = Debug|Any CPU
		{8B9069B3-836D-44AE-AA3C-B08542FADF80}.Debug|Any CPU.Build.0 = Debug|Any CPU
		{8B9069B3-836D-44AE-AA3C-B08542FADF80}.Debug|x64.ActiveCfg = Debug|Any CPU
		{8B9069B3-836D-44AE-AA3C-B08542FADF80}.Debug|x64.Build.0 = Debug|Any CPU
		{8B9069B3-836D-44AE-AA3C-B08542FADF80}.Debug|x86.ActiveCfg = Debug|Any CPU
		{8B9069B3-836D-44AE-AA3C-B08542FADF80}.Debug|x86.Build.0 = Debug|Any CPU
		{8B9069B3-836D-44AE-AA3C-B08542FADF80}.Release|Any CPU.ActiveCfg = Release|Any CPU
		{8B9069B3-836D-44AE-AA3C-B08542FADF80}.Release|Any CPU.Build.0 = Release|Any CPU
		{8B9069B3-836D-44AE-AA3C-B08542FADF80}.Release|x64.ActiveCfg = Release|Any CPU
		{8B9069B3-836D-44AE-AA3C-B08542FADF80}.Release|x64.Build.0 = Release|Any CPU
		{8B9069B3-836D-44AE-AA3C-B08542FADF80}.Release|x86.ActiveCfg = Release|Any CPU
		{8B9069B3-836D-44AE-AA3C-B08542FADF80}.Release|x86.Build.0 = Release|Any CPU
		{8947A53B-035A-4FD0-8BD8-EB4C82E0B30C}.Debug|Any CPU.ActiveCfg = Debug|Any CPU
		{8947A53B-035A-4FD0-8BD8-EB4C82E0B30C}.Debug|Any CPU.Build.0 = Debug|Any CPU
		{8947A53B-035A-4FD0-8BD8-EB4C82E0B30C}.Debug|x64.ActiveCfg = Debug|Any CPU
		{8947A53B-035A-4FD0-8BD8-EB4C82E0B30C}.Debug|x64.Build.0 = Debug|Any CPU
		{8947A53B-035A-4FD0-8BD8-EB4C82E0B30C}.Debug|x86.ActiveCfg = Debug|Any CPU
		{8947A53B-035A-4FD0-8BD8-EB4C82E0B30C}.Debug|x86.Build.0 = Debug|Any CPU
		{8947A53B-035A-4FD0-8BD8-EB4C82E0B30C}.Release|Any CPU.ActiveCfg = Release|Any CPU
		{8947A53B-035A-4FD0-8BD8-EB4C82E0B30C}.Release|Any CPU.Build.0 = Release|Any CPU
		{8947A53B-035A-4FD0-8BD8-EB4C82E0B30C}.Release|x64.ActiveCfg = Release|Any CPU
		{8947A53B-035A-4FD0-8BD8-EB4C82E0B30C}.Release|x64.Build.0 = Release|Any CPU
		{8947A53B-035A-4FD0-8BD8-EB4C82E0B30C}.Release|x86.ActiveCfg = Release|Any CPU
		{8947A53B-035A-4FD0-8BD8-EB4C82E0B30C}.Release|x86.Build.0 = Release|Any CPU
		{AC7DB7C0-A7E1-41D3-9D47-48A9CECC08C3}.Debug|Any CPU.ActiveCfg = Debug|Any CPU
		{AC7DB7C0-A7E1-41D3-9D47-48A9CECC08C3}.Debug|Any CPU.Build.0 = Debug|Any CPU
		{AC7DB7C0-A7E1-41D3-9D47-48A9CECC08C3}.Debug|x64.ActiveCfg = Debug|Any CPU
		{AC7DB7C0-A7E1-41D3-9D47-48A9CECC08C3}.Debug|x64.Build.0 = Debug|Any CPU
		{AC7DB7C0-A7E1-41D3-9D47-48A9CECC08C3}.Debug|x86.ActiveCfg = Debug|Any CPU
		{AC7DB7C0-A7E1-41D3-9D47-48A9CECC08C3}.Debug|x86.Build.0 = Debug|Any CPU
		{AC7DB7C0-A7E1-41D3-9D47-48A9CECC08C3}.Release|Any CPU.ActiveCfg = Release|Any CPU
		{AC7DB7C0-A7E1-41D3-9D47-48A9CECC08C3}.Release|Any CPU.Build.0 = Release|Any CPU
		{AC7DB7C0-A7E1-41D3-9D47-48A9CECC08C3}.Release|x64.ActiveCfg = Release|Any CPU
		{AC7DB7C0-A7E1-41D3-9D47-48A9CECC08C3}.Release|x64.Build.0 = Release|Any CPU
		{AC7DB7C0-A7E1-41D3-9D47-48A9CECC08C3}.Release|x86.ActiveCfg = Release|Any CPU
		{AC7DB7C0-A7E1-41D3-9D47-48A9CECC08C3}.Release|x86.Build.0 = Release|Any CPU
		{73BC04E6-9D8F-483E-82A1-7FE5A072BBD3}.Debug|Any CPU.ActiveCfg = Debug|Any CPU
		{73BC04E6-9D8F-483E-82A1-7FE5A072BBD3}.Debug|Any CPU.Build.0 = Debug|Any CPU
		{73BC04E6-9D8F-483E-82A1-7FE5A072BBD3}.Debug|x64.ActiveCfg = Debug|Any CPU
		{73BC04E6-9D8F-483E-82A1-7FE5A072BBD3}.Debug|x64.Build.0 = Debug|Any CPU
		{73BC04E6-9D8F-483E-82A1-7FE5A072BBD3}.Debug|x86.ActiveCfg = Debug|Any CPU
		{73BC04E6-9D8F-483E-82A1-7FE5A072BBD3}.Debug|x86.Build.0 = Debug|Any CPU
		{73BC04E6-9D8F-483E-82A1-7FE5A072BBD3}.Release|Any CPU.ActiveCfg = Release|Any CPU
		{73BC04E6-9D8F-483E-82A1-7FE5A072BBD3}.Release|Any CPU.Build.0 = Release|Any CPU
		{73BC04E6-9D8F-483E-82A1-7FE5A072BBD3}.Release|x64.ActiveCfg = Release|Any CPU
		{73BC04E6-9D8F-483E-82A1-7FE5A072BBD3}.Release|x64.Build.0 = Release|Any CPU
		{73BC04E6-9D8F-483E-82A1-7FE5A072BBD3}.Release|x86.ActiveCfg = Release|Any CPU
		{73BC04E6-9D8F-483E-82A1-7FE5A072BBD3}.Release|x86.Build.0 = Release|Any CPU
	EndGlobalSection
	GlobalSection(NestedProjects) = preSolution
		{E0CFBB6C-5EC4-4375-B603-7C28EFC66C42} = {1FA047DF-95F8-4430-B3C7-38F1C2D6FA95}
		{7CE9B142-461A-4895-BC9D-8CB5DDBB6559} = {B75C8F9E-CE0A-48F9-A78E-EFDD40F03A58}
		{7CCBAB79-D731-48DB-94FD-F91C54EADB8C} = {1FA047DF-95F8-4430-B3C7-38F1C2D6FA95}
		{01A6A3ED-28D5-4510-9E6B-4AC434C1242E} = {B75C8F9E-CE0A-48F9-A78E-EFDD40F03A58}
		{9F6CFA9B-83D6-4AD0-9DB7-6A7EA839B8C7} = {1FA047DF-95F8-4430-B3C7-38F1C2D6FA95}
		{8B9069B3-836D-44AE-AA3C-B08542FADF80} = {B75C8F9E-CE0A-48F9-A78E-EFDD40F03A58}
		{8947A53B-035A-4FD0-8BD8-EB4C82E0B30C} = {1FA047DF-95F8-4430-B3C7-38F1C2D6FA95}
		{AC7DB7C0-A7E1-41D3-9D47-48A9CECC08C3} = {B75C8F9E-CE0A-48F9-A78E-EFDD40F03A58}
		{73BC04E6-9D8F-483E-82A1-7FE5A072BBD3} = {1FA047DF-95F8-4430-B3C7-38F1C2D6FA95}
	EndGlobalSection
EndGlobal
